
Microsoft Visual Studio Solution File, Format Version 12.00
# Visual Studio Express 2012 for Web
Project("{FAE04EC0-301F-11D3-BF4B-00C04F79EFBC}") = "ProductionService", "ProductionService\ProductionService.csproj", "{7A7FCDDE-F807-404F-BBD0-083D74543902}"
EndProject
Project("{E24C65DC-7377-472B-9ABA-BC803B73C61A}") = "ProductionClient", "http://localhost:52198", "{B0FB5E80-CB18-4C20-81A2-B87F0984F2E6}"
	ProjectSection(WebsiteProperties) = preProject
		UseIISExpress = "true"
		TargetFrameworkMoniker = ".NETFramework,Version%3Dv4.0"
		Debug.AspNetCompiler.VirtualPath = "/localhost_52198"
		Debug.AspNetCompiler.PhysicalPath = "..\..\New folder\ProductionClient\"
		Debug.AspNetCompiler.TargetPath = "PrecompiledWeb\localhost_52198\"
		Debug.AspNetCompiler.Updateable = "true"
		Debug.AspNetCompiler.ForceOverwrite = "true"
		Debug.AspNetCompiler.FixedNames = "false"
		Debug.AspNetCompiler.Debug = "True"
		Release.AspNetCompiler.VirtualPath = "/localhost_52198"
		Release.AspNetCompiler.PhysicalPath = "..\..\New folder\ProductionClient\"
		Release.AspNetCompiler.TargetPath = "PrecompiledWeb\localhost_52198\"
		Release.AspNetCompiler.Updateable = "true"
		Release.AspNetCompiler.ForceOverwrite = "true"
		Release.AspNetCompiler.FixedNames = "false"
		Release.AspNetCompiler.Debug = "False"
		SlnRelativePath = "..\..\New folder\ProductionClient\"
		DefaultWebSiteLanguage = "Visual C#"
	EndProjectSection
	ProjectSection(ProjectDependencies) = postProject
		{7A7FCDDE-F807-404F-BBD0-083D74543902} = {7A7FCDDE-F807-404F-BBD0-083D74543902}
	EndProjectSection
EndProject
Global
	GlobalSection(SolutionConfigurationPlatforms) = preSolution
		Debug|Any CPU = Debug|Any CPU
		Release|Any CPU = Release|Any CPU
	EndGlobalSection
	GlobalSection(ProjectConfigurationPlatforms) = postSolution
		{7A7FCDDE-F807-404F-BBD0-083D74543902}.Debug|Any CPU.ActiveCfg = Debug|Any CPU
		{7A7FCDDE-F807-404F-BBD0-083D74543902}.Debug|Any CPU.Build.0 = Debug|Any CPU
		{7A7FCDDE-F807-404F-BBD0-083D74543902}.Release|Any CPU.ActiveCfg = Release|Any CPU
		{7A7FCDDE-F807-404F-BBD0-083D74543902}.Release|Any CPU.Build.0 = Release|Any CPU
		{B0FB5E80-CB18-4C20-81A2-B87F0984F2E6}.Debug|Any CPU.ActiveCfg = Debug|Any CPU
		{B0FB5E80-CB18-4C20-81A2-B87F0984F2E6}.Debug|Any CPU.Build.0 = Debug|Any CPU
		{B0FB5E80-CB18-4C20-81A2-B87F0984F2E6}.Release|Any CPU.ActiveCfg = Debug|Any CPU
		{B0FB5E80-CB18-4C20-81A2-B87F0984F2E6}.Release|Any CPU.Build.0 = Debug|Any CPU
	EndGlobalSection
	GlobalSection(SolutionProperties) = preSolution
		HideSolutionNode = FALSE
	EndGlobalSection
EndGlobal
