
Microsoft Visual Studio Solution File, Format Version 12.00
# Visual Studio Express 2012 for Web
Project("{FAE04EC0-301F-11D3-BF4B-00C04F79EFBC}") = "RestaurantMVC", "RestaurantMVC\RestaurantMVC.csproj", "{7DAFD962-4F76-4E2D-AEEF-D9E12589C36B}"
EndProject
Global
	GlobalSection(SolutionConfigurationPlatforms) = preSolution
		Debug|Any CPU = Debug|Any CPU
		Release|Any CPU = Release|Any CPU
	EndGlobalSection
	GlobalSection(ProjectConfigurationPlatforms) = postSolution
		{7DAFD962-4F76-4E2D-AEEF-D9E12589C36B}.Debug|Any CPU.ActiveCfg = Debug|Any CPU
		{7DAFD962-4F76-4E2D-AEEF-D9E12589C36B}.Debug|Any CPU.Build.0 = Debug|Any CPU
		{7DAFD962-4F76-4E2D-AEEF-D9E12589C36B}.Release|Any CPU.ActiveCfg = Release|Any CPU
		{7DAFD962-4F76-4E2D-AEEF-D9E12589C36B}.Release|Any CPU.Build.0 = Release|Any CPU
	EndGlobalSection
	GlobalSection(SolutionProperties) = preSolution
		HideSolutionNode = FALSE
	EndGlobalSection
EndGlobal
