
Microsoft Visual Studio Solution File, Format Version 12.00
# Visual Studio Express 2012 for Windows Desktop
Project("{FAE04EC0-301F-11D3-BF4B-00C04F79EFBC}") = "Q1_Login_WCF", "Q1_Login_WCF\Q1_Login_WCF.csproj", "{D25BB917-DAE0-4C2D-A4FD-115FBE1BAFE6}"
EndProject
Project("{FAE04EC0-301F-11D3-BF4B-00C04F79EFBC}") = "Q2_BillingDetails_Client", "Q2_BillingDetails_Client\Q2_BillingDetails_Client.csproj", "{6D6A0D0A-04DA-41EF-A746-51E3012B94D4}"
EndProject
Project("{FAE04EC0-301F-11D3-BF4B-00C04F79EFBC}") = "Q3_ShowBalance", "Q3_ShowBalance\Q3_ShowBalance.csproj", "{51D54B4F-398F-459C-B627-574339CB8EE0}"
EndProject
Global
	GlobalSection(SolutionConfigurationPlatforms) = preSolution
		Debug|Any CPU = Debug|Any CPU
		Release|Any CPU = Release|Any CPU
	EndGlobalSection
	GlobalSection(ProjectConfigurationPlatforms) = postSolution
		{D25BB917-DAE0-4C2D-A4FD-115FBE1BAFE6}.Debug|Any CPU.ActiveCfg = Debug|Any CPU
		{D25BB917-DAE0-4C2D-A4FD-115FBE1BAFE6}.Debug|Any CPU.Build.0 = Debug|Any CPU
		{D25BB917-DAE0-4C2D-A4FD-115FBE1BAFE6}.Release|Any CPU.ActiveCfg = Release|Any CPU
		{D25BB917-DAE0-4C2D-A4FD-115FBE1BAFE6}.Release|Any CPU.Build.0 = Release|Any CPU
		{6D6A0D0A-04DA-41EF-A746-51E3012B94D4}.Debug|Any CPU.ActiveCfg = Debug|Any CPU
		{6D6A0D0A-04DA-41EF-A746-51E3012B94D4}.Debug|Any CPU.Build.0 = Debug|Any CPU
		{6D6A0D0A-04DA-41EF-A746-51E3012B94D4}.Release|Any CPU.ActiveCfg = Release|Any CPU
		{6D6A0D0A-04DA-41EF-A746-51E3012B94D4}.Release|Any CPU.Build.0 = Release|Any CPU
		{51D54B4F-398F-459C-B627-574339CB8EE0}.Debug|Any CPU.ActiveCfg = Debug|Any CPU
		{51D54B4F-398F-459C-B627-574339CB8EE0}.Debug|Any CPU.Build.0 = Debug|Any CPU
		{51D54B4F-398F-459C-B627-574339CB8EE0}.Release|Any CPU.ActiveCfg = Release|Any CPU
		{51D54B4F-398F-459C-B627-574339CB8EE0}.Release|Any CPU.Build.0 = Release|Any CPU
	EndGlobalSection
	GlobalSection(SolutionProperties) = preSolution
		HideSolutionNode = FALSE
	EndGlobalSection
EndGlobal
