
Microsoft Visual Studio Solution File, Format Version 12.00
# Visual Studio Express 2012 for Windows Desktop
Project("{FAE04EC0-301F-11D3-BF4B-00C04F79EFBC}") = "MySelfHost", "MySelfHost\MySelfHost.csproj", "{3E925648-71EC-4394-BC75-7215E355D1FB}"
EndProject
Project("{FAE04EC0-301F-11D3-BF4B-00C04F79EFBC}") = "Q1_ValidationHost", "Q1_ValidationHost\Q1_ValidationHost.csproj", "{D42BD086-46E4-4E9A-B1C4-371B1B65456E}"
EndProject
Global
	GlobalSection(SolutionConfigurationPlatforms) = preSolution
		Debug|Any CPU = Debug|Any CPU
		Release|Any CPU = Release|Any CPU
	EndGlobalSection
	GlobalSection(ProjectConfigurationPlatforms) = postSolution
		{3E925648-71EC-4394-BC75-7215E355D1FB}.Debug|Any CPU.ActiveCfg = Debug|Any CPU
		{3E925648-71EC-4394-BC75-7215E355D1FB}.Debug|Any CPU.Build.0 = Debug|Any CPU
		{3E925648-71EC-4394-BC75-7215E355D1FB}.Release|Any CPU.ActiveCfg = Release|Any CPU
		{3E925648-71EC-4394-BC75-7215E355D1FB}.Release|Any CPU.Build.0 = Release|Any CPU
		{D42BD086-46E4-4E9A-B1C4-371B1B65456E}.Debug|Any CPU.ActiveCfg = Debug|Any CPU
		{D42BD086-46E4-4E9A-B1C4-371B1B65456E}.Debug|Any CPU.Build.0 = Debug|Any CPU
		{D42BD086-46E4-4E9A-B1C4-371B1B65456E}.Release|Any CPU.ActiveCfg = Release|Any CPU
		{D42BD086-46E4-4E9A-B1C4-371B1B65456E}.Release|Any CPU.Build.0 = Release|Any CPU
	EndGlobalSection
	GlobalSection(SolutionProperties) = preSolution
		HideSolutionNode = FALSE
	EndGlobalSection
EndGlobal
