
Microsoft Visual Studio Solution File, Format Version 12.00
# Visual Studio Express 2012 for Windows Desktop
Project("{FAE04EC0-301F-11D3-BF4B-00C04F79EFBC}") = "Q2_Mobile_SmartPhone_iPhone", "Q2_Mobile_SmartPhone_iPhone\Q2_Mobile_SmartPhone_iPhone.csproj", "{ACE403BD-F9A2-4873-9C2C-287C9ED0A3E9}"
EndProject
Project("{FAE04EC0-301F-11D3-BF4B-00C04F79EFBC}") = "Project_Develpoer_Testing", "Project_Develpoer_Testing\Project_Develpoer_Testing.csproj", "{FB46E3E1-987B-48FB-9A64-B0CB6BF1DDFF}"
EndProject
Project("{FAE04EC0-301F-11D3-BF4B-00C04F79EFBC}") = "Emp_Developer_Tester_TeamLead_ProjectManager", "Emp_Developer_Tester_TeamLead_ProjectManager\Emp_Developer_Tester_TeamLead_ProjectManager.csproj", "{9556A425-398B-49EB-88F1-782FA9ED4EA1}"
EndProject
Global
	GlobalSection(SolutionConfigurationPlatforms) = preSolution
		Debug|Any CPU = Debug|Any CPU
		Release|Any CPU = Release|Any CPU
	EndGlobalSection
	GlobalSection(ProjectConfigurationPlatforms) = postSolution
		{ACE403BD-F9A2-4873-9C2C-287C9ED0A3E9}.Debug|Any CPU.ActiveCfg = Debug|Any CPU
		{ACE403BD-F9A2-4873-9C2C-287C9ED0A3E9}.Debug|Any CPU.Build.0 = Debug|Any CPU
		{ACE403BD-F9A2-4873-9C2C-287C9ED0A3E9}.Release|Any CPU.ActiveCfg = Release|Any CPU
		{ACE403BD-F9A2-4873-9C2C-287C9ED0A3E9}.Release|Any CPU.Build.0 = Release|Any CPU
		{FB46E3E1-987B-48FB-9A64-B0CB6BF1DDFF}.Debug|Any CPU.ActiveCfg = Debug|Any CPU
		{FB46E3E1-987B-48FB-9A64-B0CB6BF1DDFF}.Debug|Any CPU.Build.0 = Debug|Any CPU
		{FB46E3E1-987B-48FB-9A64-B0CB6BF1DDFF}.Release|Any CPU.ActiveCfg = Release|Any CPU
		{FB46E3E1-987B-48FB-9A64-B0CB6BF1DDFF}.Release|Any CPU.Build.0 = Release|Any CPU
		{9556A425-398B-49EB-88F1-782FA9ED4EA1}.Debug|Any CPU.ActiveCfg = Debug|Any CPU
		{9556A425-398B-49EB-88F1-782FA9ED4EA1}.Debug|Any CPU.Build.0 = Debug|Any CPU
		{9556A425-398B-49EB-88F1-782FA9ED4EA1}.Release|Any CPU.ActiveCfg = Release|Any CPU
		{9556A425-398B-49EB-88F1-782FA9ED4EA1}.Release|Any CPU.Build.0 = Release|Any CPU
	EndGlobalSection
	GlobalSection(SolutionProperties) = preSolution
		HideSolutionNode = FALSE
	EndGlobalSection
EndGlobal
