
Microsoft Visual Studio Solution File, Format Version 12.00
# Visual Studio Express 2012 for Windows Desktop
Project("{FAE04EC0-301F-11D3-BF4B-00C04F79EFBC}") = "Question3", "assignment_day1\Question3.csproj", "{52E60D75-358F-48F5-A7CD-D297BD392957}"
EndProject
Global
	GlobalSection(SolutionConfigurationPlatforms) = preSolution
		Debug|Any CPU = Debug|Any CPU
		Release|Any CPU = Release|Any CPU
	EndGlobalSection
	GlobalSection(ProjectConfigurationPlatforms) = postSolution
		{52E60D75-358F-48F5-A7CD-D297BD392957}.Debug|Any CPU.ActiveCfg = Debug|Any CPU
		{52E60D75-358F-48F5-A7CD-D297BD392957}.Debug|Any CPU.Build.0 = Debug|Any CPU
		{52E60D75-358F-48F5-A7CD-D297BD392957}.Release|Any CPU.ActiveCfg = Release|Any CPU
		{52E60D75-358F-48F5-A7CD-D297BD392957}.Release|Any CPU.Build.0 = Release|Any CPU
	EndGlobalSection
	GlobalSection(SolutionProperties) = preSolution
		HideSolutionNode = FALSE
	EndGlobalSection
EndGlobal
