
Microsoft Visual Studio Solution File, Format Version 12.00
# Visual Studio Express 2012 for Web
Project("{FAE04EC0-301F-11D3-BF4B-00C04F79EFBC}") = "RestaurantService", "RestaurantService\RestaurantService.csproj", "{C8CF0FD2-F949-4D03-BA41-63ECE49C0678}"
EndProject
Project("{E24C65DC-7377-472B-9ABA-BC803B73C61A}") = "RestaurantClient", "http://localhost:51170", "{119ACF30-CAD2-4AC1-AA69-D94A69D7CD37}"
	ProjectSection(WebsiteProperties) = preProject
		UseIISExpress = "true"
		TargetFrameworkMoniker = ".NETFramework,Version%3Dv4.0"
		Debug.AspNetCompiler.VirtualPath = "/localhost_51170"
		Debug.AspNetCompiler.PhysicalPath = "..\..\New folder\RestaurantClient\"
		Debug.AspNetCompiler.TargetPath = "PrecompiledWeb\localhost_51170\"
		Debug.AspNetCompiler.Updateable = "true"
		Debug.AspNetCompiler.ForceOverwrite = "true"
		Debug.AspNetCompiler.FixedNames = "false"
		Debug.AspNetCompiler.Debug = "True"
		Release.AspNetCompiler.VirtualPath = "/localhost_51170"
		Release.AspNetCompiler.PhysicalPath = "..\..\New folder\RestaurantClient\"
		Release.AspNetCompiler.TargetPath = "PrecompiledWeb\localhost_51170\"
		Release.AspNetCompiler.Updateable = "true"
		Release.AspNetCompiler.ForceOverwrite = "true"
		Release.AspNetCompiler.FixedNames = "false"
		Release.AspNetCompiler.Debug = "False"
		SlnRelativePath = "..\..\New folder\RestaurantClient\"
		DefaultWebSiteLanguage = "Visual C#"
	EndProjectSection
	ProjectSection(ProjectDependencies) = postProject
		{C8CF0FD2-F949-4D03-BA41-63ECE49C0678} = {C8CF0FD2-F949-4D03-BA41-63ECE49C0678}
	EndProjectSection
EndProject
Global
	GlobalSection(SolutionConfigurationPlatforms) = preSolution
		Debug|Any CPU = Debug|Any CPU
		Release|Any CPU = Release|Any CPU
	EndGlobalSection
	GlobalSection(ProjectConfigurationPlatforms) = postSolution
		{C8CF0FD2-F949-4D03-BA41-63ECE49C0678}.Debug|Any CPU.ActiveCfg = Debug|Any CPU
		{C8CF0FD2-F949-4D03-BA41-63ECE49C0678}.Debug|Any CPU.Build.0 = Debug|Any CPU
		{C8CF0FD2-F949-4D03-BA41-63ECE49C0678}.Release|Any CPU.ActiveCfg = Release|Any CPU
		{C8CF0FD2-F949-4D03-BA41-63ECE49C0678}.Release|Any CPU.Build.0 = Release|Any CPU
		{119ACF30-CAD2-4AC1-AA69-D94A69D7CD37}.Debug|Any CPU.ActiveCfg = Debug|Any CPU
		{119ACF30-CAD2-4AC1-AA69-D94A69D7CD37}.Debug|Any CPU.Build.0 = Debug|Any CPU
		{119ACF30-CAD2-4AC1-AA69-D94A69D7CD37}.Release|Any CPU.ActiveCfg = Debug|Any CPU
		{119ACF30-CAD2-4AC1-AA69-D94A69D7CD37}.Release|Any CPU.Build.0 = Debug|Any CPU
	EndGlobalSection
	GlobalSection(SolutionProperties) = preSolution
		HideSolutionNode = FALSE
	EndGlobalSection
EndGlobal
