
Microsoft Visual Studio Solution File, Format Version 12.00
# Visual Studio Express 2012 for Web
Project("{FAE04EC0-301F-11D3-BF4B-00C04F79EFBC}") = "Q1_6", "Q1_6\Q1_6.csproj", "{86E746F6-DF84-48DC-AFBD-718EA5ABFD98}"
EndProject
Global
	GlobalSection(SolutionConfigurationPlatforms) = preSolution
		Debug|Any CPU = Debug|Any CPU
		Release|Any CPU = Release|Any CPU
	EndGlobalSection
	GlobalSection(ProjectConfigurationPlatforms) = postSolution
		{86E746F6-DF84-48DC-AFBD-718EA5ABFD98}.Debug|Any CPU.ActiveCfg = Debug|Any CPU
		{86E746F6-DF84-48DC-AFBD-718EA5ABFD98}.Debug|Any CPU.Build.0 = Debug|Any CPU
		{86E746F6-DF84-48DC-AFBD-718EA5ABFD98}.Release|Any CPU.ActiveCfg = Release|Any CPU
		{86E746F6-DF84-48DC-AFBD-718EA5ABFD98}.Release|Any CPU.Build.0 = Release|Any CPU
	EndGlobalSection
	GlobalSection(SolutionProperties) = preSolution
		HideSolutionNode = FALSE
	EndGlobalSection
EndGlobal
