
Microsoft Visual Studio Solution File, Format Version 12.00
# Visual Studio Express 2012 for Windows Desktop
Project("{FAE04EC0-301F-11D3-BF4B-00C04F79EFBC}") = "PG_Product", "PG\PG_Product.csproj", "{AE34B79B-49BA-48DC-8014-D8C3088ED636}"
EndProject
Project("{FAE04EC0-301F-11D3-BF4B-00C04F79EFBC}") = "Restaurant", "Restaurant\Restaurant.csproj", "{8597201F-C5E3-4CD6-98F8-10453D46E012}"
EndProject
Global
	GlobalSection(SolutionConfigurationPlatforms) = preSolution
		Debug|Any CPU = Debug|Any CPU
		Release|Any CPU = Release|Any CPU
	EndGlobalSection
	GlobalSection(ProjectConfigurationPlatforms) = postSolution
		{AE34B79B-49BA-48DC-8014-D8C3088ED636}.Debug|Any CPU.ActiveCfg = Debug|Any CPU
		{AE34B79B-49BA-48DC-8014-D8C3088ED636}.Debug|Any CPU.Build.0 = Debug|Any CPU
		{AE34B79B-49BA-48DC-8014-D8C3088ED636}.Release|Any CPU.ActiveCfg = Release|Any CPU
		{AE34B79B-49BA-48DC-8014-D8C3088ED636}.Release|Any CPU.Build.0 = Release|Any CPU
		{8597201F-C5E3-4CD6-98F8-10453D46E012}.Debug|Any CPU.ActiveCfg = Debug|Any CPU
		{8597201F-C5E3-4CD6-98F8-10453D46E012}.Debug|Any CPU.Build.0 = Debug|Any CPU
		{8597201F-C5E3-4CD6-98F8-10453D46E012}.Release|Any CPU.ActiveCfg = Release|Any CPU
		{8597201F-C5E3-4CD6-98F8-10453D46E012}.Release|Any CPU.Build.0 = Release|Any CPU
	EndGlobalSection
	GlobalSection(SolutionProperties) = preSolution
		HideSolutionNode = FALSE
	EndGlobalSection
EndGlobal
