
Microsoft Visual Studio Solution File, Format Version 12.00
# Visual Studio Express 2012 for Web
Project("{FAE04EC0-301F-11D3-BF4B-00C04F79EFBC}") = "Salary_Profile_Service", "Salary_Profile_Service\Salary_Profile_Service.csproj", "{D80B0E57-F51E-447D-8715-714C31865C69}"
EndProject
Global
	GlobalSection(SolutionConfigurationPlatforms) = preSolution
		Debug|Any CPU = Debug|Any CPU
		Release|Any CPU = Release|Any CPU
	EndGlobalSection
	GlobalSection(ProjectConfigurationPlatforms) = postSolution
		{D80B0E57-F51E-447D-8715-714C31865C69}.Debug|Any CPU.ActiveCfg = Debug|Any CPU
		{D80B0E57-F51E-447D-8715-714C31865C69}.Debug|Any CPU.Build.0 = Debug|Any CPU
		{D80B0E57-F51E-447D-8715-714C31865C69}.Release|Any CPU.ActiveCfg = Release|Any CPU
		{D80B0E57-F51E-447D-8715-714C31865C69}.Release|Any CPU.Build.0 = Release|Any CPU
	EndGlobalSection
	GlobalSection(SolutionProperties) = preSolution
		HideSolutionNode = FALSE
	EndGlobalSection
EndGlobal
